
Microsoft Visual Studio Solution File, Format Version 12.00
# Visual Studio Version 16
VisualStudioVersion = 16.0.29709.97
MinimumVisualStudioVersion = 10.0.40219.1
Project("{FAE04EC0-301F-11D3-BF4B-00C04F79EFBC}") = "NeudesicTest.Android", "NeudesicTest\NeudesicTest.Android\NeudesicTest.Android.csproj", "{55D3747A-0D71-4D14-A4A7-9B289D771244}"
EndProject
Project("{FAE04EC0-301F-11D3-BF4B-00C04F79EFBC}") = "NeudesicTest.iOS", "NeudesicTest\NeudesicTest.iOS\NeudesicTest.iOS.csproj", "{809650CD-9A86-4073-A2C3-269659D39974}"
EndProject
Project("{FAE04EC0-301F-11D3-BF4B-00C04F79EFBC}") = "NeudesicTest", "NeudesicTest\NeudesicTest\NeudesicTest.csproj", "{22DFD84D-A80B-41FD-BA5F-F18ACBA7CA97}"
EndProject
Global
	GlobalSection(SolutionConfigurationPlatforms) = preSolution
		Debug|Any CPU = Debug|Any CPU
		Debug|iPhone = Debug|iPhone
		Debug|iPhoneSimulator = Debug|iPhoneSimulator
		Release|Any CPU = Release|Any CPU
		Release|iPhone = Release|iPhone
		Release|iPhoneSimulator = Release|iPhoneSimulator
	EndGlobalSection
	GlobalSection(ProjectConfigurationPlatforms) = postSolution
		{55D3747A-0D71-4D14-A4A7-9B289D771244}.Debug|Any CPU.ActiveCfg = Debug|Any CPU
		{55D3747A-0D71-4D14-A4A7-9B289D771244}.Debug|Any CPU.Build.0 = Debug|Any CPU
		{55D3747A-0D71-4D14-A4A7-9B289D771244}.Debug|Any CPU.Deploy.0 = Debug|Any CPU
		{55D3747A-0D71-4D14-A4A7-9B289D771244}.Debug|iPhone.ActiveCfg = Debug|Any CPU
		{55D3747A-0D71-4D14-A4A7-9B289D771244}.Debug|iPhone.Build.0 = Debug|Any CPU
		{55D3747A-0D71-4D14-A4A7-9B289D771244}.Debug|iPhone.Deploy.0 = Debug|Any CPU
		{55D3747A-0D71-4D14-A4A7-9B289D771244}.Debug|iPhoneSimulator.ActiveCfg = Debug|Any CPU
		{55D3747A-0D71-4D14-A4A7-9B289D771244}.Debug|iPhoneSimulator.Build.0 = Debug|Any CPU
		{55D3747A-0D71-4D14-A4A7-9B289D771244}.Debug|iPhoneSimulator.Deploy.0 = Debug|Any CPU
		{55D3747A-0D71-4D14-A4A7-9B289D771244}.Release|Any CPU.ActiveCfg = Release|Any CPU
		{55D3747A-0D71-4D14-A4A7-9B289D771244}.Release|Any CPU.Build.0 = Release|Any CPU
		{55D3747A-0D71-4D14-A4A7-9B289D771244}.Release|Any CPU.Deploy.0 = Release|Any CPU
		{55D3747A-0D71-4D14-A4A7-9B289D771244}.Release|iPhone.ActiveCfg = Release|Any CPU
		{55D3747A-0D71-4D14-A4A7-9B289D771244}.Release|iPhone.Build.0 = Release|Any CPU
		{55D3747A-0D71-4D14-A4A7-9B289D771244}.Release|iPhone.Deploy.0 = Release|Any CPU
		{55D3747A-0D71-4D14-A4A7-9B289D771244}.Release|iPhoneSimulator.ActiveCfg = Release|Any CPU
		{55D3747A-0D71-4D14-A4A7-9B289D771244}.Release|iPhoneSimulator.Build.0 = Release|Any CPU
		{55D3747A-0D71-4D14-A4A7-9B289D771244}.Release|iPhoneSimulator.Deploy.0 = Release|Any CPU
		{809650CD-9A86-4073-A2C3-269659D39974}.Debug|Any CPU.ActiveCfg = Debug|iPhoneSimulator
		{809650CD-9A86-4073-A2C3-269659D39974}.Debug|Any CPU.Build.0 = Debug|iPhoneSimulator
		{809650CD-9A86-4073-A2C3-269659D39974}.Debug|Any CPU.Deploy.0 = Debug|iPhoneSimulator
		{809650CD-9A86-4073-A2C3-269659D39974}.Debug|iPhone.ActiveCfg = Debug|iPhone
		{809650CD-9A86-4073-A2C3-269659D39974}.Debug|iPhone.Build.0 = Debug|iPhone
		{809650CD-9A86-4073-A2C3-269659D39974}.Debug|iPhone.Deploy.0 = Debug|iPhone
		{809650CD-9A86-4073-A2C3-269659D39974}.Debug|iPhoneSimulator.ActiveCfg = Debug|iPhoneSimulator
		{809650CD-9A86-4073-A2C3-269659D39974}.Debug|iPhoneSimulator.Build.0 = Debug|iPhoneSimulator
		{809650CD-9A86-4073-A2C3-269659D39974}.Debug|iPhoneSimulator.Deploy.0 = Debug|iPhoneSimulator
		{809650CD-9A86-4073-A2C3-269659D39974}.Release|Any CPU.ActiveCfg = Release|iPhone
		{809650CD-9A86-4073-A2C3-269659D39974}.Release|Any CPU.Build.0 = Release|iPhone
		{809650CD-9A86-4073-A2C3-269659D39974}.Release|Any CPU.Deploy.0 = Release|iPhone
		{809650CD-9A86-4073-A2C3-269659D39974}.Release|iPhone.ActiveCfg = Release|iPhone
		{809650CD-9A86-4073-A2C3-269659D39974}.Release|iPhone.Build.0 = Release|iPhone
		{809650CD-9A86-4073-A2C3-269659D39974}.Release|iPhone.Deploy.0 = Release|iPhone
		{809650CD-9A86-4073-A2C3-269659D39974}.Release|iPhoneSimulator.ActiveCfg = Release|iPhoneSimulator
		{809650CD-9A86-4073-A2C3-269659D39974}.Release|iPhoneSimulator.Build.0 = Release|iPhoneSimulator
		{809650CD-9A86-4073-A2C3-269659D39974}.Release|iPhoneSimulator.Deploy.0 = Release|iPhoneSimulator
		{22DFD84D-A80B-41FD-BA5F-F18ACBA7CA97}.Debug|Any CPU.ActiveCfg = Debug|Any CPU
		{22DFD84D-A80B-41FD-BA5F-F18ACBA7CA97}.Debug|Any CPU.Build.0 = Debug|Any CPU
		{22DFD84D-A80B-41FD-BA5F-F18ACBA7CA97}.Debug|Any CPU.Deploy.0 = Debug|Any CPU
		{22DFD84D-A80B-41FD-BA5F-F18ACBA7CA97}.Debug|iPhone.ActiveCfg = Debug|Any CPU
		{22DFD84D-A80B-41FD-BA5F-F18ACBA7CA97}.Debug|iPhone.Build.0 = Debug|Any CPU
		{22DFD84D-A80B-41FD-BA5F-F18ACBA7CA97}.Debug|iPhone.Deploy.0 = Debug|Any CPU
		{22DFD84D-A80B-41FD-BA5F-F18ACBA7CA97}.Debug|iPhoneSimulator.ActiveCfg = Debug|Any CPU
		{22DFD84D-A80B-41FD-BA5F-F18ACBA7CA97}.Debug|iPhoneSimulator.Build.0 = Debug|Any CPU
		{22DFD84D-A80B-41FD-BA5F-F18ACBA7CA97}.Debug|iPhoneSimulator.Deploy.0 = Debug|Any CPU
		{22DFD84D-A80B-41FD-BA5F-F18ACBA7CA97}.Release|Any CPU.ActiveCfg = Release|Any CPU
		{22DFD84D-A80B-41FD-BA5F-F18ACBA7CA97}.Release|Any CPU.Build.0 = Release|Any CPU
		{22DFD84D-A80B-41FD-BA5F-F18ACBA7CA97}.Release|Any CPU.Deploy.0 = Release|Any CPU
		{22DFD84D-A80B-41FD-BA5F-F18ACBA7CA97}.Release|iPhone.ActiveCfg = Release|Any CPU
		{22DFD84D-A80B-41FD-BA5F-F18ACBA7CA97}.Release|iPhone.Build.0 = Release|Any CPU
		{22DFD84D-A80B-41FD-BA5F-F18ACBA7CA97}.Release|iPhone.Deploy.0 = Release|Any CPU
		{22DFD84D-A80B-41FD-BA5F-F18ACBA7CA97}.Release|iPhoneSimulator.ActiveCfg = Release|Any CPU
		{22DFD84D-A80B-41FD-BA5F-F18ACBA7CA97}.Release|iPhoneSimulator.Build.0 = Release|Any CPU
		{22DFD84D-A80B-41FD-BA5F-F18ACBA7CA97}.Release|iPhoneSimulator.Deploy.0 = Release|Any CPU
	EndGlobalSection
	GlobalSection(SolutionProperties) = preSolution
		HideSolutionNode = FALSE
	EndGlobalSection
	GlobalSection(ExtensibilityGlobals) = postSolution
		SolutionGuid = {322720F4-55B9-4708-9BF2-9FC739D3F996}
	EndGlobalSection
EndGlobal
